
Microsoft Visual Studio Solution File, Format Version 12.00
# Visual Studio Version 16
VisualStudioVersion = 16.0.31515.178
MinimumVisualStudioVersion = 10.0.40219.1
Project("{FAE04EC0-301F-11D3-BF4B-00C04F79EFBC}") = "ASP NET Core API Practice", "ASP NET Core API Practice\ASP NET Core API Practice.csproj", "{A43758BC-A81F-47E0-9BA2-422859A8E620}"
EndProject
Global
	GlobalSection(SolutionConfigurationPlatforms) = preSolution
		Debug|Any CPU = Debug|Any CPU
		Release|Any CPU = Release|Any CPU
	EndGlobalSection
	GlobalSection(ProjectConfigurationPlatforms) = postSolution
		{A43758BC-A81F-47E0-9BA2-422859A8E620}.Debug|Any CPU.ActiveCfg = Debug|Any CPU
		{A43758BC-A81F-47E0-9BA2-422859A8E620}.Debug|Any CPU.Build.0 = Debug|Any CPU
		{A43758BC-A81F-47E0-9BA2-422859A8E620}.Release|Any CPU.ActiveCfg = Release|Any CPU
		{A43758BC-A81F-47E0-9BA2-422859A8E620}.Release|Any CPU.Build.0 = Release|Any CPU
	EndGlobalSection
	GlobalSection(SolutionProperties) = preSolution
		HideSolutionNode = FALSE
	EndGlobalSection
	GlobalSection(ExtensibilityGlobals) = postSolution
		SolutionGuid = {D2614E28-69EC-47CF-A393-B2682D75A225}
	EndGlobalSection
EndGlobal
